<?xml version="1.0" encoding="utf-8"?>
<Project ToolsVersion="4.0" xmlns="http://schemas.microsoft.com/developer/msbuild/2003">
  <ItemGroup>
    <Filter Include="win32">
      <UniqueIdentifier>{84a8ebd7-7cf0-47f6-b75e-d441df67da40}</UniqueIdentifier>
    </Filter>
    <Filter Include="resource">
      <UniqueIdentifier>{715254bc-d70b-4ec5-bf29-467dd3ace079}</UniqueIdentifier>
    </Filter>
    <Filter Include="src">
      <UniqueIdentifier>{bb6c862e-70e9-49d9-81b7-3829a6f50471}</UniqueIdentifier>
    </Filter>
    <Filter Include="src\Manager">
      <UniqueIdentifier>{7445ea49-d4a7-4f1a-9db4-87951ee3d030}</UniqueIdentifier>
    </Filter>
    <Filter Include="src\Scene">
      <UniqueIdentifier>{eb24b234-fdf0-44f9-a9c5-82b01b3bfb87}</UniqueIdentifier>
    </Filter>
    <Filter Include="src\Obj">
      <UniqueIdentifier>{7d3a6e69-e030-48e3-a826-b6b72618a27f}</UniqueIdentifier>
    </Filter>
    <Filter Include="src\Controller">
      <UniqueIdentifier>{99e06650-ac50-4602-9e26-e1ac41d714db}</UniqueIdentifier>
    </Filter>
    <Filter Include="src\Effekseer">
      <UniqueIdentifier>{d91da57d-1296-4cea-83a9-f437c18dae6a}</UniqueIdentifier>
    </Filter>
  </ItemGroup>
  <ItemGroup>
    <ClCompile Include="main.cpp">
      <Filter>win32</Filter>
    </ClCompile>
    <ClCompile Include="..\Classes\AppDelegate.cpp">
      <Filter>src</Filter>
    </ClCompile>
    <ClCompile Include="..\Classes\Collision.cpp">
      <Filter>src</Filter>
    </ClCompile>
    <ClCompile Include="..\Classes\Manager\AnimMng.cpp">
      <Filter>src\Manager</Filter>
    </ClCompile>
    <ClCompile Include="..\Classes\Obj\Ball.cpp">
      <Filter>src\Obj</Filter>
    </ClCompile>
    <ClCompile Include="..\Classes\Obj\BallAfter.cpp">
      <Filter>src\Obj</Filter>
    </ClCompile>
    <ClCompile Include="..\Classes\Effekseer\Effekseer.cpp">
      <Filter>src\Effekseer</Filter>
    </ClCompile>
    <ClCompile Include="..\Classes\Effekseer\EffekseerNative.cpp">
      <Filter>src\Effekseer</Filter>
    </ClCompile>
    <ClCompile Include="..\Classes\Effekseer\EffekseerRendererNative.cpp">
      <Filter>src\Effekseer</Filter>
    </ClCompile>
    <ClCompile Include="..\Classes\Scene\GameScene.cpp">
      <Filter>src\Scene</Filter>
    </ClCompile>
    <ClCompile Include="..\Classes\Scene\GuestScene.cpp">
      <Filter>src\Scene</Filter>
    </ClCompile>
    <ClCompile Include="..\Classes\Manager\GameManager.cpp">
      <Filter>src\Manager</Filter>
    </ClCompile>
    <ClCompile Include="..\Classes\Scene\HostScene.cpp">
      <Filter>src\Scene</Filter>
    </ClCompile>
    <ClCompile Include="..\Classes\Controller\MouseCtl.cpp">
      <Filter>src\Controller</Filter>
    </ClCompile>
    <ClCompile Include="..\Classes\Controller\OPRT_Key.cpp">
      <Filter>src\Controller</Filter>
    </ClCompile>
    <ClCompile Include="..\Classes\Controller\OPRT_State.cpp">
      <Filter>src\Controller</Filter>
    </ClCompile>
    <ClCompile Include="..\Classes\Scene\ResultScene.cpp">
      <Filter>src\Scene</Filter>
    </ClCompile>
    <ClCompile Include="..\Classes\Scene\TitleScene.cpp">
      <Filter>src\Scene</Filter>
    </ClCompile>
    <ClCompile Include="..\Classes\Manager\CCAudioMng.cpp">
      <Filter>src\Manager</Filter>
    </ClCompile>
    <ClCompile Include="..\Classes\Controller\OPRT_Touch.cpp">
      <Filter>src\Controller</Filter>
    </ClCompile>
    <ClCompile Include="..\Classes\Obj\Shadow.cpp">
      <Filter>src\Obj</Filter>
    </ClCompile>
    <ClCompile Include="..\Classes\Obj\TrajectControl.cpp">
      <Filter>src\Obj</Filter>
    </ClCompile>
    <ClCompile Include="..\Classes\Manager\PointWithDepth.cpp">
      <Filter>src\Manager</Filter>
    </ClCompile>
    <ClCompile Include="..\Classes\Effekseer\EffectMng.cpp">
      <Filter>src\Effekseer</Filter>
    </ClCompile>
    <ClCompile Include="..\Classes\Obj\StageWall.cpp">
      <Filter>src\Obj</Filter>
    </ClCompile>
    <ClCompile Include="..\Classes\Stage.cpp">
      <Filter>src</Filter>
    </ClCompile>
    <ClCompile Include="..\Classes\Obj\UI.cpp">
      <Filter>src\Obj</Filter>
    </ClCompile>
    <ClCompile Include="..\Classes\Obj\SpriteAffectDepth.cpp">
      <Filter>src</Filter>
    </ClCompile>
    <ClCompile Include="..\Classes\Manager\AppInfo.cpp">
      <Filter>src\Manager</Filter>
    </ClCompile>
    <ClCompile Include="..\Classes\ConsoleOut.cpp">
      <Filter>src</Filter>
    </ClCompile>
    <ClCompile Include="..\Classes\NetworkLogic.cpp">
      <Filter>src</Filter>
    </ClCompile>
    <ClCompile Include="..\Classes\Controller\OPRT_Network.cpp">
      <Filter>src\Controller</Filter>
    </ClCompile>
    <ClCompile Include="..\Classes\Obj\Player.cpp">
      <Filter>src\Obj</Filter>
    </ClCompile>
  </ItemGroup>
  <ItemGroup>
    <ClInclude Include="main.h">
      <Filter>win32</Filter>
    </ClInclude>
    <ClInclude Include="..\Classes\AppDelegate.h">
      <Filter>src</Filter>
    </ClInclude>
    <ClInclude Include="..\Classes\Collision.h">
      <Filter>src</Filter>
    </ClInclude>
    <ClInclude Include="..\Classes\Manager\AnimMng.h">
      <Filter>src\Manager</Filter>
    </ClInclude>
    <ClInclude Include="..\Classes\Obj\Ball.h">
      <Filter>src\Obj</Filter>
    </ClInclude>
    <ClInclude Include="..\Classes\Obj\BallAfter.h">
      <Filter>src\Obj</Filter>
    </ClInclude>
    <ClInclude Include="..\Classes\Effekseer\Effekseer.h">
      <Filter>src\Effekseer</Filter>
    </ClInclude>
    <ClInclude Include="..\Classes\Effekseer\EffekseerNative.h">
      <Filter>src\Effekseer</Filter>
    </ClInclude>
    <ClInclude Include="..\Classes\Effekseer\EffekseerRendererNative.h">
      <Filter>src\Effekseer</Filter>
    </ClInclude>
    <ClInclude Include="..\Classes\Scene\GameScene.h">
      <Filter>src\Scene</Filter>
    </ClInclude>
    <ClInclude Include="..\Classes\Manager\GameManager.h">
      <Filter>src\Manager</Filter>
    </ClInclude>
    <ClInclude Include="..\Classes\Scene\GuestScene.h">
      <Filter>src\Scene</Filter>
    </ClInclude>
    <ClInclude Include="..\Classes\Scene\HostScene.h">
      <Filter>src\Scene</Filter>
    </ClInclude>
    <ClInclude Include="..\Classes\Controller\MouseCtl.h">
      <Filter>src\Controller</Filter>
    </ClInclude>
    <ClInclude Include="..\Classes\Controller\OPRT_Key.h">
      <Filter>src\Controller</Filter>
    </ClInclude>
    <ClInclude Include="..\Classes\Controller\OPRT_State.h">
      <Filter>src\Controller</Filter>
    </ClInclude>
    <ClInclude Include="..\Classes\Scene\ResultScene.h">
      <Filter>src\Scene</Filter>
    </ClInclude>
    <ClInclude Include="..\Classes\Scene\TitleScene.h">
      <Filter>src\Scene</Filter>
    </ClInclude>
    <ClInclude Include="..\Classes\Manager\CCAudioMng.h">
      <Filter>src\Manager</Filter>
    </ClInclude>
    <ClInclude Include="..\Classes\Controller\OPRT_Touch.h">
      <Filter>src\Controller</Filter>
    </ClInclude>
    <ClInclude Include="..\Classes\Obj\Shadow.h">
      <Filter>src\Obj</Filter>
    </ClInclude>
    <ClInclude Include="..\Classes\Obj\TrajectControl.h">
      <Filter>src\Obj</Filter>
    </ClInclude>
    <ClInclude Include="..\Classes\Manager\PointWithDepth.h">
      <Filter>src\Manager</Filter>
    </ClInclude>
    <ClInclude Include="..\Classes\Effekseer\EffectMng.h">
      <Filter>src\Effekseer</Filter>
    </ClInclude>
    <ClInclude Include="..\Classes\Obj\StageWall.h">
      <Filter>src\Obj</Filter>
    </ClInclude>
    <ClInclude Include="..\Classes\Stage.h">
      <Filter>src</Filter>
    </ClInclude>
    <ClInclude Include="..\Classes\Obj\UI.h">
      <Filter>src\Obj</Filter>
    </ClInclude>
    <ClInclude Include="..\Classes\Obj\SpriteAffectDepth.h">
      <Filter>src</Filter>
    </ClInclude>
    <ClInclude Include="..\Classes\Manager\AppInfo.h">
      <Filter>src\Manager</Filter>
    </ClInclude>
    <ClInclude Include="..\Classes\ConsoleOut.h">
      <Filter>src</Filter>
    </ClInclude>
    <ClInclude Include="..\Classes\NetworkLogic.h">
      <Filter>src</Filter>
    </ClInclude>
    <ClInclude Include="..\Classes\OutputListener.h">
      <Filter>src</Filter>
    </ClInclude>
    <ClInclude Include="..\Classes\Controller\OPRT_Network.h">
      <Filter>src\Controller</Filter>
    </ClInclude>
    <ClInclude Include="..\Classes\Obj\Player.h">
      <Filter>src\Obj</Filter>
    </ClInclude>
  </ItemGroup>
  <ItemGroup>
    <ResourceCompile Include="game.rc">
      <Filter>resource</Filter>
    </ResourceCompile>
  </ItemGroup>
</Project>